
Microsoft Visual Studio Solution File, Format Version 12.00
# Visual Studio Version 16
VisualStudioVersion = 16.0.31702.278
MinimumVisualStudioVersion = 10.0.40219.1
Project("{9A19103F-16F7-4668-BE54-9A1E7A4F7556}") = "ProductView_v_4", "ASP_OLX\ProductView_v_4.csproj", "{2A8C27DC-543A-4FF3-9A30-F77178A7302F}"
EndProject
Global
	GlobalSection(SolutionConfigurationPlatforms) = preSolution
		Debug|Any CPU = Debug|Any CPU
		Release|Any CPU = Release|Any CPU
	EndGlobalSection
	GlobalSection(ProjectConfigurationPlatforms) = postSolution
		{2A8C27DC-543A-4FF3-9A30-F77178A7302F}.Debug|Any CPU.ActiveCfg = Debug|Any CPU
		{2A8C27DC-543A-4FF3-9A30-F77178A7302F}.Debug|Any CPU.Build.0 = Debug|Any CPU
		{2A8C27DC-543A-4FF3-9A30-F77178A7302F}.Release|Any CPU.ActiveCfg = Release|Any CPU
		{2A8C27DC-543A-4FF3-9A30-F77178A7302F}.Release|Any CPU.Build.0 = Release|Any CPU
	EndGlobalSection
	GlobalSection(SolutionProperties) = preSolution
		HideSolutionNode = FALSE
	EndGlobalSection
	GlobalSection(ExtensibilityGlobals) = postSolution
		SolutionGuid = {1BBD4523-FE2D-4965-BC6E-B5CD2286D590}
	EndGlobalSection
EndGlobal
